
Microsoft Visual Studio Solution File, Format Version 12.00
# Visual Studio Version 16
VisualStudioVersion = 16.0.31624.102
MinimumVisualStudioVersion = 10.0.40219.1
Project("{FAE04EC0-301F-11D3-BF4B-00C04F79EFBC}") = "Cotact Mail", "Cotact Mail\Cotact Mail.csproj", "{42FABCF1-3D8B-4362-B93B-6EE5E1FE90FC}"
EndProject
Global
	GlobalSection(SolutionConfigurationPlatforms) = preSolution
		Debug|Any CPU = Debug|Any CPU
		Release|Any CPU = Release|Any CPU
	EndGlobalSection
	GlobalSection(ProjectConfigurationPlatforms) = postSolution
		{42FABCF1-3D8B-4362-B93B-6EE5E1FE90FC}.Debug|Any CPU.ActiveCfg = Debug|Any CPU
		{42FABCF1-3D8B-4362-B93B-6EE5E1FE90FC}.Debug|Any CPU.Build.0 = Debug|Any CPU
		{42FABCF1-3D8B-4362-B93B-6EE5E1FE90FC}.Release|Any CPU.ActiveCfg = Release|Any CPU
		{42FABCF1-3D8B-4362-B93B-6EE5E1FE90FC}.Release|Any CPU.Build.0 = Release|Any CPU
	EndGlobalSection
	GlobalSection(SolutionProperties) = preSolution
		HideSolutionNode = FALSE
	EndGlobalSection
	GlobalSection(ExtensibilityGlobals) = postSolution
		SolutionGuid = {E15EE2BA-BF3E-4AB4-AAF7-8ED95FE716F7}
	EndGlobalSection
EndGlobal
